Microsoft Visual Studio Solution File, Format Version 10.00
# Visual Studio 2008

Project("{2272826D-73EB-8CEF-C181-BB7B9225B236}") = "Polyrhythm", "Assembly-CSharp-vs.csproj", "{25B21A76-02C4-3261-74C9-29FB6AF39446}"
EndProject
Global
	GlobalSection(SolutionConfigurationPlatforms) = preSolution
		Debug|Any CPU = Debug|Any CPU
		Release|Any CPU = Release|Any CPU
	EndGlobalSection
	GlobalSection(ProjectConfigurationPlatforms) = postSolution
		{25B21A76-02C4-3261-74C9-29FB6AF39446}.Debug|Any CPU.ActiveCfg = Debug|Any CPU
		{25B21A76-02C4-3261-74C9-29FB6AF39446}.Debug|Any CPU.Build.0 = Debug|Any CPU
		{25B21A76-02C4-3261-74C9-29FB6AF39446}.Release|Any CPU.ActiveCfg = Release|Any CPU
		{25B21A76-02C4-3261-74C9-29FB6AF39446}.Release|Any CPU.Build.0 = Release|Any CPU
	EndGlobalSection
	GlobalSection(SolutionProperties) = preSolution
		HideSolutionNode = FALSE
	EndGlobalSection
	
EndGlobal
